{
  "version": 4,
  "terraform_version": "1.3.3",
  "serial": 139,
  "lineage": "1b376781-41f9-1c4b-d149-211e7bc89f30",
  "outputs": {},
  "resources": [
    {
      "mode": "managed",
      "type": "azurerm_linux_virtual_machine",
      "name": "sbn1-vm",
      "provider": "provider[\"registry.terraform.io/hashicorp/azurerm\"]",
      "instances": [
        {
          "schema_version": 0,
          "attributes": {
            "additional_capabilities": [],
            "admin_password": "demopass1!",
            "admin_ssh_key": [],
            "admin_username": "adminuser",
            "allow_extension_operations": true,
            "availability_set_id": "",
            "boot_diagnostics": [],
            "capacity_reservation_group_id": "",
            "computer_name": "sbn1-vm",
            "custom_data": null,
            "dedicated_host_group_id": "",
            "dedicated_host_id": "",
            "disable_password_authentication": false,
            "edge_zone": "",
            "encryption_at_host_enabled": false,
            "eviction_policy": "",
            "extensions_time_budget": "PT1H30M",
            "gallery_application": [],
            "id": "/subscriptions/0f080122-8675-4fec-816d-734d9ea35737/resourceGroups/lbdemo-rg/providers/Microsoft.Compute/virtualMachines/sbn1-vm",
            "identity": [],
            "license_type": "",
            "location": "eastus",
            "max_bid_price": -1,
            "name": "sbn1-vm",
            "network_interface_ids": [
              "/subscriptions/0f080122-8675-4fec-816d-734d9ea35737/resourceGroups/lbdemo-rg/providers/Microsoft.Network/networkInterfaces/lbdemo-nic-1"
            ],
            "os_disk": [
              {
                "caching": "ReadWrite",
                "diff_disk_settings": [],
                "disk_encryption_set_id": "",
                "disk_size_gb": 30,
                "name": "sbn1-vm_OsDisk_1_074120fc004d4dbb9dd0420bc00eed72",
                "secure_vm_disk_encryption_set_id": "",
                "security_encryption_type": "",
                "storage_account_type": "Standard_LRS",
                "write_accelerator_enabled": false
              }
            ],
            "patch_assessment_mode": "ImageDefault",
            "patch_mode": "ImageDefault",
            "plan": [],
            "platform_fault_domain": -1,
            "priority": "Regular",
            "private_ip_address": "10.124.1.4",
            "private_ip_addresses": [
              "10.124.1.4"
            ],
            "provision_vm_agent": true,
            "proximity_placement_group_id": "",
            "public_ip_address": "20.124.135.118",
            "public_ip_addresses": [
              "20.124.135.118"
            ],
            "resource_group_name": "lbdemo-rg",
            "secret": [],
            "secure_boot_enabled": false,
            "size": "Standard_F2",
            "source_image_id": "",
            "source_image_reference": [
              {
                "offer": "UbuntuServer",
                "publisher": "Canonical",
                "sku": "16.04-LTS",
                "version": "latest"
              }
            ],
            "tags": {},
            "termination_notification": [],
            "timeouts": null,
            "user_data": "",
            "virtual_machine_id": "949d80ac-1eb3-4d8b-a2cf-a9f61f93e377",
            "virtual_machine_scale_set_id": "",
            "vtpm_enabled": false,
            "zone": ""
          },
          "sensitive_attributes": [],
          "private": "eyJlMmJmYjczMC1lY2FhLTExZTYtOGY4OC0zNDM2M2JjN2M0YzAiOnsiY3JlYXRlIjoyNzAwMDAwMDAwMDAwLCJkZWxldGUiOjI3MDAwMDAwMDAwMDAsInJlYWQiOjMwMDAwMDAwMDAwMCwidXBkYXRlIjoyNzAwMDAwMDAwMDAwfX0=",
          "dependencies": [
            "azurerm_network_interface.lbdemo-nic-1",
            "azurerm_public_ip.lbdemo-ip-1",
            "azurerm_resource_group.lbdemo-rg",
            "azurerm_subnet.lbdemo-sbn-1",
            "azurerm_virtual_network.lbdemo-vnet"
          ]
        }
      ]
    },
    {
      "mode": "managed",
      "type": "azurerm_network_interface",
      "name": "lbdemo-nic-1",
      "provider": "provider[\"registry.terraform.io/hashicorp/azurerm\"]",
      "instances": [
        {
          "schema_version": 0,
          "attributes": {
            "applied_dns_servers": [],
            "dns_servers": [],
            "edge_zone": "",
            "enable_accelerated_networking": false,
            "enable_ip_forwarding": false,
            "id": "/subscriptions/0f080122-8675-4fec-816d-734d9ea35737/resourceGroups/lbdemo-rg/providers/Microsoft.Network/networkInterfaces/lbdemo-nic-1",
            "internal_dns_name_label": "",
            "internal_domain_name_suffix": "",
            "ip_configuration": [
              {
                "gateway_load_balancer_frontend_ip_configuration_id": "",
                "name": "internal",
                "primary": true,
                "private_ip_address": "10.124.1.4",
                "private_ip_address_allocation": "Dynamic",
                "private_ip_address_version": "IPv4",
                "public_ip_address_id": "/subscriptions/0f080122-8675-4fec-816d-734d9ea35737/resourceGroups/lbdemo-rg/providers/Microsoft.Network/publicIPAddresses/lbdemo-ip-1",
                "subnet_id": "/subscriptions/0f080122-8675-4fec-816d-734d9ea35737/resourceGroups/lbdemo-rg/providers/Microsoft.Network/virtualNetworks/lbdemo-vnet/subnets/lbdemo-sbn-1"
              }
            ],
            "location": "eastus",
            "mac_address": "00-0D-3A-98-44-46",
            "name": "lbdemo-nic-1",
            "private_ip_address": "10.124.1.4",
            "private_ip_addresses": [
              "10.124.1.4"
            ],
            "resource_group_name": "lbdemo-rg",
            "tags": {
              "environment": "sub1"
            },
            "timeouts": null,
            "virtual_machine_id": "/subscriptions/0f080122-8675-4fec-816d-734d9ea35737/resourceGroups/lbdemo-rg/providers/Microsoft.Compute/virtualMachines/sbn1-vm"
          },
          "sensitive_attributes": [],
          "private": "eyJlMmJmYjczMC1lY2FhLTExZTYtOGY4OC0zNDM2M2JjN2M0YzAiOnsiY3JlYXRlIjoxODAwMDAwMDAwMDAwLCJkZWxldGUiOjE4MDAwMDAwMDAwMDAsInJlYWQiOjMwMDAwMDAwMDAwMCwidXBkYXRlIjoxODAwMDAwMDAwMDAwfX0=",
          "dependencies": [
            "azurerm_public_ip.lbdemo-ip-1",
            "azurerm_resource_group.lbdemo-rg",
            "azurerm_subnet.lbdemo-sbn-1",
            "azurerm_virtual_network.lbdemo-vnet"
          ]
        }
      ]
    },
    {
      "mode": "managed",
      "type": "azurerm_public_ip",
      "name": "lbdemo-ip-1",
      "provider": "provider[\"registry.terraform.io/hashicorp/azurerm\"]",
      "instances": [
        {
          "schema_version": 0,
          "attributes": {
            "allocation_method": "Static",
            "domain_name_label": null,
            "edge_zone": "",
            "fqdn": null,
            "id": "/subscriptions/0f080122-8675-4fec-816d-734d9ea35737/resourceGroups/lbdemo-rg/providers/Microsoft.Network/publicIPAddresses/lbdemo-ip-1",
            "idle_timeout_in_minutes": 4,
            "ip_address": "20.124.135.118",
            "ip_tags": {},
            "ip_version": "IPv4",
            "location": "eastus",
            "name": "lbdemo-ip-1",
            "public_ip_prefix_id": null,
            "resource_group_name": "lbdemo-rg",
            "reverse_fqdn": null,
            "sku": "Basic",
            "sku_tier": "Regional",
            "tags": {
              "environment": "sub1"
            },
            "timeouts": null,
            "zones": []
          },
          "sensitive_attributes": [],
          "private": "eyJlMmJmYjczMC1lY2FhLTExZTYtOGY4OC0zNDM2M2JjN2M0YzAiOnsiY3JlYXRlIjoxODAwMDAwMDAwMDAwLCJkZWxldGUiOjE4MDAwMDAwMDAwMDAsInJlYWQiOjMwMDAwMDAwMDAwMCwidXBkYXRlIjoxODAwMDAwMDAwMDAwfX0=",
          "dependencies": [
            "azurerm_resource_group.lbdemo-rg"
          ]
        }
      ]
    },
    {
      "mode": "managed",
      "type": "azurerm_resource_group",
      "name": "lbdemo-rg",
      "provider": "provider[\"registry.terraform.io/hashicorp/azurerm\"]",
      "instances": [
        {
          "schema_version": 0,
          "attributes": {
            "id": "/subscriptions/0f080122-8675-4fec-816d-734d9ea35737/resourceGroups/lbdemo-rg",
            "location": "eastus",
            "name": "lbdemo-rg",
            "tags": {
              "environment": "demodev"
            },
            "timeouts": null
          },
          "sensitive_attributes": [],
          "private": "eyJlMmJmYjczMC1lY2FhLTExZTYtOGY4OC0zNDM2M2JjN2M0YzAiOnsiY3JlYXRlIjo1NDAwMDAwMDAwMDAwLCJkZWxldGUiOjU0MDAwMDAwMDAwMDAsInJlYWQiOjMwMDAwMDAwMDAwMCwidXBkYXRlIjo1NDAwMDAwMDAwMDAwfX0="
        }
      ]
    },
    {
      "mode": "managed",
      "type": "azurerm_subnet",
      "name": "lbdemo-sbn-1",
      "provider": "provider[\"registry.terraform.io/hashicorp/azurerm\"]",
      "instances": [
        {
          "schema_version": 0,
          "attributes": {
            "address_prefixes": [
              "10.124.1.0/24"
            ],
            "delegation": [],
            "enforce_private_link_endpoint_network_policies": false,
            "enforce_private_link_service_network_policies": false,
            "id": "/subscriptions/0f080122-8675-4fec-816d-734d9ea35737/resourceGroups/lbdemo-rg/providers/Microsoft.Network/virtualNetworks/lbdemo-vnet/subnets/lbdemo-sbn-1",
            "name": "lbdemo-sbn-1",
            "private_endpoint_network_policies_enabled": true,
            "private_link_service_network_policies_enabled": true,
            "resource_group_name": "lbdemo-rg",
            "service_endpoint_policy_ids": [],
            "service_endpoints": [],
            "timeouts": null,
            "virtual_network_name": "lbdemo-vnet"
          },
          "sensitive_attributes": [],
          "private": "eyJlMmJmYjczMC1lY2FhLTExZTYtOGY4OC0zNDM2M2JjN2M0YzAiOnsiY3JlYXRlIjoxODAwMDAwMDAwMDAwLCJkZWxldGUiOjE4MDAwMDAwMDAwMDAsInJlYWQiOjMwMDAwMDAwMDAwMCwidXBkYXRlIjoxODAwMDAwMDAwMDAwfX0=",
          "dependencies": [
            "azurerm_resource_group.lbdemo-rg",
            "azurerm_virtual_network.lbdemo-vnet"
          ]
        }
      ]
    },
    {
      "mode": "managed",
      "type": "azurerm_virtual_network",
      "name": "lbdemo-vnet",
      "provider": "provider[\"registry.terraform.io/hashicorp/azurerm\"]",
      "instances": [
        {
          "schema_version": 0,
          "attributes": {
            "address_space": [
              "10.124.0.0/16"
            ],
            "bgp_community": "",
            "ddos_protection_plan": [],
            "dns_servers": [],
            "edge_zone": "",
            "flow_timeout_in_minutes": 0,
            "guid": "677c54cd-1286-4679-a56b-22674a097952",
            "id": "/subscriptions/0f080122-8675-4fec-816d-734d9ea35737/resourceGroups/lbdemo-rg/providers/Microsoft.Network/virtualNetworks/lbdemo-vnet",
            "location": "eastus",
            "name": "lbdemo-vnet",
            "resource_group_name": "lbdemo-rg",
            "subnet": [
              {
                "address_prefix": "10.124.1.0/24",
                "id": "/subscriptions/0f080122-8675-4fec-816d-734d9ea35737/resourceGroups/lbdemo-rg/providers/Microsoft.Network/virtualNetworks/lbdemo-vnet/subnets/lbdemo-sbn-1",
                "name": "lbdemo-sbn-1",
                "security_group": "/subscriptions/0f080122-8675-4fec-816d-734d9ea35737/resourceGroups/lbdemo-rg/providers/Microsoft.Network/networkSecurityGroups/lbdemo-sg"
              },
              {
                "address_prefix": "10.124.2.0/24",
                "id": "/subscriptions/0f080122-8675-4fec-816d-734d9ea35737/resourceGroups/lbdemo-rg/providers/Microsoft.Network/virtualNetworks/lbdemo-vnet/subnets/lbdemo-sbn-2",
                "name": "lbdemo-sbn-2",
                "security_group": "/subscriptions/0f080122-8675-4fec-816d-734d9ea35737/resourceGroups/lbdemo-rg/providers/Microsoft.Network/networkSecurityGroups/lbdemo-sg"
              },
              {
                "address_prefix": "10.124.3.0/24",
                "id": "/subscriptions/0f080122-8675-4fec-816d-734d9ea35737/resourceGroups/lbdemo-rg/providers/Microsoft.Network/virtualNetworks/lbdemo-vnet/subnets/lbdemo-sbn-3",
                "name": "lbdemo-sbn-3",
                "security_group": "/subscriptions/0f080122-8675-4fec-816d-734d9ea35737/resourceGroups/lbdemo-rg/providers/Microsoft.Network/networkSecurityGroups/lbdemo-sg"
              }
            ],
            "tags": {
              "environment": "demodev"
            },
            "timeouts": null
          },
          "sensitive_attributes": [],
          "private": "eyJlMmJmYjczMC1lY2FhLTExZTYtOGY4OC0zNDM2M2JjN2M0YzAiOnsiY3JlYXRlIjoxODAwMDAwMDAwMDAwLCJkZWxldGUiOjE4MDAwMDAwMDAwMDAsInJlYWQiOjMwMDAwMDAwMDAwMCwidXBkYXRlIjoxODAwMDAwMDAwMDAwfX0=",
          "dependencies": [
            "azurerm_resource_group.lbdemo-rg"
          ]
        }
      ]
    }
  ],
  "check_results": []
}
